
Microsoft Visual Studio Solution File, Format Version 12.00
# Visual Studio Version 17
VisualStudioVersion = 17.11.35303.130
MinimumVisualStudioVersion = 10.0.40219.1
Project("{9A19103F-16F7-4668-BE54-9A1E7A4F7556}") = "LibraryAdministration", "LibraryAdministration\LibraryAdministration.csproj", "{69A8AC71-360A-4B6B-97A2-DDBCD43ED8C4}"
EndProject
Project("{FAE04EC0-301F-11D3-BF4B-00C04F79EFBC}") = "LibraryAdministration.Tests", "LibraryAdministration.Tests\LibraryAdministration.Tests.csproj", "{5E6C82F7-85BD-4562-8D51-DDCB55FCC56D}"
	ProjectSection(ProjectDependencies) = postProject
		{69A8AC71-360A-4B6B-97A2-DDBCD43ED8C4} = {69A8AC71-360A-4B6B-97A2-DDBCD43ED8C4}
	EndProjectSection
EndProject
Global
	GlobalSection(SolutionConfigurationPlatforms) = preSolution
		Debug|Any CPU = Debug|Any CPU
		Release|Any CPU = Release|Any CPU
	EndGlobalSection
	GlobalSection(ProjectConfigurationPlatforms) = postSolution
		{69A8AC71-360A-4B6B-97A2-DDBCD43ED8C4}.Debug|Any CPU.ActiveCfg = Debug|Any CPU
		{69A8AC71-360A-4B6B-97A2-DDBCD43ED8C4}.Debug|Any CPU.Build.0 = Debug|Any CPU
		{69A8AC71-360A-4B6B-97A2-DDBCD43ED8C4}.Release|Any CPU.ActiveCfg = Release|Any CPU
		{69A8AC71-360A-4B6B-97A2-DDBCD43ED8C4}.Release|Any CPU.Build.0 = Release|Any CPU
		{5E6C82F7-85BD-4562-8D51-DDCB55FCC56D}.Debug|Any CPU.ActiveCfg = Debug|Any CPU
		{5E6C82F7-85BD-4562-8D51-DDCB55FCC56D}.Debug|Any CPU.Build.0 = Debug|Any CPU
		{5E6C82F7-85BD-4562-8D51-DDCB55FCC56D}.Release|Any CPU.ActiveCfg = Release|Any CPU
		{5E6C82F7-85BD-4562-8D51-DDCB55FCC56D}.Release|Any CPU.Build.0 = Release|Any CPU
	EndGlobalSection
	GlobalSection(SolutionProperties) = preSolution
		HideSolutionNode = FALSE
	EndGlobalSection
	GlobalSection(ExtensibilityGlobals) = postSolution
		SolutionGuid = {13ADAAF6-5868-4366-88ED-2FBE01799091}
	EndGlobalSection
EndGlobal
